
Microsoft Visual Studio Solution File, Format Version 12.00
# Visual Studio Version 17
VisualStudioVersion = 17.7.34221.43
MinimumVisualStudioVersion = 10.0.40219.1
Project("{8BC9CEB8-8B4A-11D0-8D11-00A0C91BC942}") = "ConsoleApplication1", "ConsoleApplication1\ConsoleApplication1.vcxproj", "{4C4F32B8-CD3B-46B5-985F-254391DB6BC7}"
EndProject
Global
	GlobalSection(SolutionConfigurationPlatforms) = preSolution
		Debug|x64 = Debug|x64
		Debug|x86 = Debug|x86
		Release|x64 = Release|x64
		Release|x86 = Release|x86
	EndGlobalSection
	GlobalSection(ProjectConfigurationPlatforms) = postSolution
		{4C4F32B8-CD3B-46B5-985F-254391DB6BC7}.Debug|x64.ActiveCfg = Debug|x64
		{4C4F32B8-CD3B-46B5-985F-254391DB6BC7}.Debug|x64.Build.0 = Debug|x64
		{4C4F32B8-CD3B-46B5-985F-254391DB6BC7}.Debug|x86.ActiveCfg = Debug|Win32
		{4C4F32B8-CD3B-46B5-985F-254391DB6BC7}.Debug|x86.Build.0 = Debug|Win32
		{4C4F32B8-CD3B-46B5-985F-254391DB6BC7}.Release|x64.ActiveCfg = Release|x64
		{4C4F32B8-CD3B-46B5-985F-254391DB6BC7}.Release|x64.Build.0 = Release|x64
		{4C4F32B8-CD3B-46B5-985F-254391DB6BC7}.Release|x86.ActiveCfg = Release|Win32
		{4C4F32B8-CD3B-46B5-985F-254391DB6BC7}.Release|x86.Build.0 = Release|Win32
	EndGlobalSection
	GlobalSection(SolutionProperties) = preSolution
		HideSolutionNode = FALSE
	EndGlobalSection
	GlobalSection(ExtensibilityGlobals) = postSolution
		SolutionGuid = {5FD8D8FB-B660-4318-AADB-7EDD1E5C670D}
	EndGlobalSection
EndGlobal
